# This file is automatically @generated by Poetry 1.5.1 and should not be changed by hand.

[[package]]
name = "googleapis-common-protos"
version = "1.60.0"
description = "Common protobufs used in Google APIs"
optional = false
python-versions = ">=3.7"
files = [
    {file = "googleapis-common-protos-1.60.0.tar.gz", hash = "sha256:e73ebb404098db405ba95d1e1ae0aa91c3e15a71da031a2eeb6b2e23e7bc3708"},
    {file = "googleapis_common_protos-1.60.0-py2.py3-none-any.whl", hash = "sha256:69f9bbcc6acde92cab2db95ce30a70bd2b81d20b12eff3f1aabaffcbe8a93918"},
]

[package.dependencies]
protobuf = ">=3.19.5,<3.20.0 || >3.20.0,<3.20.1 || >3.20.1,<4.21.1 || >4.21.1,<4.21.2 || >4.21.2,<4.21.3 || >4.21.3,<4.21.4 || >4.21.4,<4.21.5 || >4.21.5,<5.0.0.dev0"

[package.extras]
grpc = ["grpcio (>=1.44.0,<2.0.0.dev0)"]

[[package]]
name = "grpcio"
version = "1.57.0"
description = "HTTP/2-based RPC framework"
optional = false
python-versions = ">=3.7"
files = [
    {file = "grpcio-1.57.0-cp310-cp310-linux_armv7l.whl", hash = "sha256:092fa155b945015754bdf988be47793c377b52b88d546e45c6a9f9579ac7f7b6"},
    {file = "grpcio-1.57.0-cp310-cp310-macosx_12_0_universal2.whl", hash = "sha256:2f7349786da979a94690cc5c2b804cab4e8774a3cf59be40d037c4342c906649"},
    {file = "grpcio-1.57.0-cp310-cp310-manylinux_2_17_aarch64.whl", hash = "sha256:82640e57fb86ea1d71ea9ab54f7e942502cf98a429a200b2e743d8672171734f"},
    {file = "grpcio-1.57.0-cp310-cp310-manylinux_2_17_i686.manylinux2014_i686.whl", hash = "sha256:40b72effd4c789de94ce1be2b5f88d7b9b5f7379fe9645f198854112a6567d9a"},
    {file = "grpcio-1.57.0-cp310-cp310-manylinux_2_17_x86_64.manylinux2014_x86_64.whl", hash = "sha256:2f708a6a17868ad8bf586598bee69abded4996b18adf26fd2d91191383b79019"},
    {file = "grpcio-1.57.0-cp310-cp310-musllinux_1_1_i686.whl", hash = "sha256:60fe15288a0a65d5c1cb5b4a62b1850d07336e3ba728257a810317be14f0c527"},
    {file = "grpcio-1.57.0-cp310-cp310-musllinux_1_1_x86_64.whl", hash = "sha256:6907b1cf8bb29b058081d2aad677b15757a44ef2d4d8d9130271d2ad5e33efca"},
    {file = "grpcio-1.57.0-cp310-cp310-win32.whl", hash = "sha256:57b183e8b252825c4dd29114d6c13559be95387aafc10a7be645462a0fc98bbb"},
    {file = "grpcio-1.57.0-cp310-cp310-win_amd64.whl", hash = "sha256:7b400807fa749a9eb286e2cd893e501b110b4d356a218426cb9c825a0474ca56"},
    {file = "grpcio-1.57.0-cp311-cp311-linux_armv7l.whl", hash = "sha256:c6ebecfb7a31385393203eb04ed8b6a08f5002f53df3d59e5e795edb80999652"},
    {file = "grpcio-1.57.0-cp311-cp311-macosx_10_10_universal2.whl", hash = "sha256:00258cbe3f5188629828363ae8ff78477ce976a6f63fb2bb5e90088396faa82e"},
    {file = "grpcio-1.57.0-cp311-cp311-manylinux_2_17_aarch64.whl", hash = "sha256:23e7d8849a0e58b806253fd206ac105b328171e01b8f18c7d5922274958cc87e"},
    {file = "grpcio-1.57.0-cp311-cp311-manylinux_2_17_i686.manylinux2014_i686.whl", hash = "sha256:5371bcd861e679d63b8274f73ac281751d34bd54eccdbfcd6aa00e692a82cd7b"},
    {file = "grpcio-1.57.0-cp311-cp311-manylinux_2_17_x86_64.manylinux2014_x86_64.whl", hash = "sha256:aed90d93b731929e742967e236f842a4a2174dc5db077c8f9ad2c5996f89f63e"},
    {file = "grpcio-1.57.0-cp311-cp311-musllinux_1_1_i686.whl", hash = "sha256:fe752639919aad9ffb0dee0d87f29a6467d1ef764f13c4644d212a9a853a078d"},
    {file = "grpcio-1.57.0-cp311-cp311-musllinux_1_1_x86_64.whl", hash = "sha256:fada6b07ec4f0befe05218181f4b85176f11d531911b64c715d1875c4736d73a"},
    {file = "grpcio-1.57.0-cp311-cp311-win32.whl", hash = "sha256:bb396952cfa7ad2f01061fbc7dc1ad91dd9d69243bcb8110cf4e36924785a0fe"},
    {file = "grpcio-1.57.0-cp311-cp311-win_amd64.whl", hash = "sha256:e503cb45ed12b924b5b988ba9576dc9949b2f5283b8e33b21dcb6be74a7c58d0"},
    {file = "grpcio-1.57.0-cp37-cp37m-linux_armv7l.whl", hash = "sha256:fd173b4cf02b20f60860dc2ffe30115c18972d7d6d2d69df97ac38dee03be5bf"},
    {file = "grpcio-1.57.0-cp37-cp37m-macosx_10_10_universal2.whl", hash = "sha256:d7f8df114d6b4cf5a916b98389aeaf1e3132035420a88beea4e3d977e5f267a5"},
    {file = "grpcio-1.57.0-cp37-cp37m-manylinux_2_17_aarch64.whl", hash = "sha256:76c44efa4ede1f42a9d5b2fed1fe9377e73a109bef8675fb0728eb80b0b8e8f2"},
    {file = "grpcio-1.57.0-cp37-cp37m-manylinux_2_17_i686.manylinux2014_i686.whl", hash = "sha256:4faea2cfdf762a664ab90589b66f416274887641ae17817de510b8178356bf73"},
    {file = "grpcio-1.57.0-cp37-cp37m-manylinux_2_17_x86_64.manylinux2014_x86_64.whl", hash = "sha256:c60b83c43faeb6d0a9831f0351d7787a0753f5087cc6fa218d78fdf38e5acef0"},
    {file = "grpcio-1.57.0-cp37-cp37m-musllinux_1_1_i686.whl", hash = "sha256:b363bbb5253e5f9c23d8a0a034dfdf1b7c9e7f12e602fc788c435171e96daccc"},
    {file = "grpcio-1.57.0-cp37-cp37m-musllinux_1_1_x86_64.whl", hash = "sha256:f1fb0fd4a1e9b11ac21c30c169d169ef434c6e9344ee0ab27cfa6f605f6387b2"},
    {file = "grpcio-1.57.0-cp37-cp37m-win_amd64.whl", hash = "sha256:34950353539e7d93f61c6796a007c705d663f3be41166358e3d88c45760c7d98"},
    {file = "grpcio-1.57.0-cp38-cp38-linux_armv7l.whl", hash = "sha256:871f9999e0211f9551f368612460442a5436d9444606184652117d6a688c9f51"},
    {file = "grpcio-1.57.0-cp38-cp38-macosx_10_10_universal2.whl", hash = "sha256:a8a8e560e8dbbdf29288872e91efd22af71e88b0e5736b0daf7773c1fecd99f0"},
    {file = "grpcio-1.57.0-cp38-cp38-manylinux_2_17_aarch64.whl", hash = "sha256:2313b124e475aa9017a9844bdc5eafb2d5abdda9d456af16fc4535408c7d6da6"},
    {file = "grpcio-1.57.0-cp38-cp38-manylinux_2_17_i686.manylinux2014_i686.whl", hash = "sha256:b4098b6b638d9e0ca839a81656a2fd4bc26c9486ea707e8b1437d6f9d61c3941"},
    {file = "grpcio-1.57.0-cp38-cp38-manylinux_2_17_x86_64.manylinux2014_x86_64.whl", hash = "sha256:5e5b58e32ae14658085c16986d11e99abd002ddbf51c8daae8a0671fffb3467f"},
    {file = "grpcio-1.57.0-cp38-cp38-musllinux_1_1_i686.whl", hash = "sha256:0f80bf37f09e1caba6a8063e56e2b87fa335add314cf2b78ebf7cb45aa7e3d06"},
    {file = "grpcio-1.57.0-cp38-cp38-musllinux_1_1_x86_64.whl", hash = "sha256:5b7a4ce8f862fe32b2a10b57752cf3169f5fe2915acfe7e6a1e155db3da99e79"},
    {file = "grpcio-1.57.0-cp38-cp38-win32.whl", hash = "sha256:9338bacf172e942e62e5889b6364e56657fbf8ac68062e8b25c48843e7b202bb"},
    {file = "grpcio-1.57.0-cp38-cp38-win_amd64.whl", hash = "sha256:e1cb52fa2d67d7f7fab310b600f22ce1ff04d562d46e9e0ac3e3403c2bb4cc16"},
    {file = "grpcio-1.57.0-cp39-cp39-linux_armv7l.whl", hash = "sha256:fee387d2fab144e8a34e0e9c5ca0f45c9376b99de45628265cfa9886b1dbe62b"},
    {file = "grpcio-1.57.0-cp39-cp39-macosx_10_10_universal2.whl", hash = "sha256:b53333627283e7241fcc217323f225c37783b5f0472316edcaa4479a213abfa6"},
    {file = "grpcio-1.57.0-cp39-cp39-manylinux_2_17_aarch64.whl", hash = "sha256:f19ac6ac0a256cf77d3cc926ef0b4e64a9725cc612f97228cd5dc4bd9dbab03b"},
    {file = "grpcio-1.57.0-cp39-cp39-manylinux_2_17_i686.manylinux2014_i686.whl", hash = "sha256:e3fdf04e402f12e1de8074458549337febb3b45f21076cc02ef4ff786aff687e"},
    {file = "grpcio-1.57.0-cp39-cp39-manylinux_2_17_x86_64.manylinux2014_x86_64.whl", hash = "sha256:5613a2fecc82f95d6c51d15b9a72705553aa0d7c932fad7aed7afb51dc982ee5"},
    {file = "grpcio-1.57.0-cp39-cp39-musllinux_1_1_i686.whl", hash = "sha256:b670c2faa92124b7397b42303e4d8eb64a4cd0b7a77e35a9e865a55d61c57ef9"},
    {file = "grpcio-1.57.0-cp39-cp39-musllinux_1_1_x86_64.whl", hash = "sha256:7a635589201b18510ff988161b7b573f50c6a48fae9cb567657920ca82022b37"},
    {file = "grpcio-1.57.0-cp39-cp39-win32.whl", hash = "sha256:d78d8b86fcdfa1e4c21f8896614b6cc7ee01a2a758ec0c4382d662f2a62cf766"},
    {file = "grpcio-1.57.0-cp39-cp39-win_amd64.whl", hash = "sha256:20ec6fc4ad47d1b6e12deec5045ec3cd5402d9a1597f738263e98f490fe07056"},
    {file = "grpcio-1.57.0.tar.gz", hash = "sha256:4b089f7ad1eb00a104078bab8015b0ed0ebcb3b589e527ab009c53893fd4e613"},
]

[package.extras]
protobuf = ["grpcio-tools (>=1.57.0)"]

[[package]]
name = "grpcio-status"
version = "1.57.0"
description = "Status proto mapping for gRPC"
optional = false
python-versions = ">=3.6"
files = [
    {file = "grpcio-status-1.57.0.tar.gz", hash = "sha256:b098da99df1eebe58337f8f78e50df990273ccacc1226fddeb47c590e3df9e02"},
    {file = "grpcio_status-1.57.0-py3-none-any.whl", hash = "sha256:15d6af055914ebbc4ed17e55ebfb8e6bb17a45a57fea32e6af19978fb7844690"},
]

[package.dependencies]
googleapis-common-protos = ">=1.5.5"
grpcio = ">=1.57.0"
protobuf = ">=4.21.6"

[[package]]
name = "numpy"
version = "1.25.2"
description = "Fundamental package for array computing in Python"
optional = false
python-versions = ">=3.9"
files = [
    {file = "numpy-1.25.2-cp310-cp310-macosx_10_9_x86_64.whl", hash = "sha256:db3ccc4e37a6873045580d413fe79b68e47a681af8db2e046f1dacfa11f86eb3"},
    {file = "numpy-1.25.2-cp310-cp310-macosx_11_0_arm64.whl", hash = "sha256:90319e4f002795ccfc9050110bbbaa16c944b1c37c0baeea43c5fb881693ae1f"},
    {file = "numpy-1.25.2-cp310-cp310-manylinux_2_17_aarch64.manylinux2014_aarch64.whl", hash = "sha256:dfe4a913e29b418d096e696ddd422d8a5d13ffba4ea91f9f60440a3b759b0187"},
    {file = "numpy-1.25.2-cp310-cp310-manylinux_2_17_x86_64.manylinux2014_x86_64.whl", hash = "sha256:f08f2e037bba04e707eebf4bc934f1972a315c883a9e0ebfa8a7756eabf9e357"},
    {file = "numpy-1.25.2-cp310-cp310-musllinux_1_1_x86_64.whl", hash = "sha256:bec1e7213c7cb00d67093247f8c4db156fd03075f49876957dca4711306d39c9"},
    {file = "numpy-1.25.2-cp310-cp310-win32.whl", hash = "sha256:7dc869c0c75988e1c693d0e2d5b26034644399dd929bc049db55395b1379e044"},
    {file = "numpy-1.25.2-cp310-cp310-win_amd64.whl", hash = "sha256:834b386f2b8210dca38c71a6e0f4fd6922f7d3fcff935dbe3a570945acb1b545"},
    {file = "numpy-1.25.2-cp311-cp311-macosx_10_9_x86_64.whl", hash = "sha256:c5462d19336db4560041517dbb7759c21d181a67cb01b36ca109b2ae37d32418"},
    {file = "numpy-1.25.2-cp311-cp311-macosx_11_0_arm64.whl", hash = "sha256:c5652ea24d33585ea39eb6a6a15dac87a1206a692719ff45d53c5282e66d4a8f"},
    {file = "numpy-1.25.2-cp311-cp311-manylinux_2_17_aarch64.manylinux2014_aarch64.whl", hash = "sha256:0d60fbae8e0019865fc4784745814cff1c421df5afee233db6d88ab4f14655a2"},
    {file = "numpy-1.25.2-cp311-cp311-manylinux_2_17_x86_64.manylinux2014_x86_64.whl", hash = "sha256:60e7f0f7f6d0eee8364b9a6304c2845b9c491ac706048c7e8cf47b83123b8dbf"},
    {file = "numpy-1.25.2-cp311-cp311-musllinux_1_1_x86_64.whl", hash = "sha256:bb33d5a1cf360304754913a350edda36d5b8c5331a8237268c48f91253c3a364"},
    {file = "numpy-1.25.2-cp311-cp311-win32.whl", hash = "sha256:5883c06bb92f2e6c8181df7b39971a5fb436288db58b5a1c3967702d4278691d"},
    {file = "numpy-1.25.2-cp311-cp311-win_amd64.whl", hash = "sha256:5c97325a0ba6f9d041feb9390924614b60b99209a71a69c876f71052521d42a4"},
    {file = "numpy-1.25.2-cp39-cp39-macosx_10_9_x86_64.whl", hash = "sha256:b79e513d7aac42ae918db3ad1341a015488530d0bb2a6abcbdd10a3a829ccfd3"},
    {file = "numpy-1.25.2-cp39-cp39-macosx_11_0_arm64.whl", hash = "sha256:eb942bfb6f84df5ce05dbf4b46673ffed0d3da59f13635ea9b926af3deb76926"},
    {file = "numpy-1.25.2-cp39-cp39-manylinux_2_17_aarch64.manylinux2014_aarch64.whl", hash = "sha256:3e0746410e73384e70d286f93abf2520035250aad8c5714240b0492a7302fdca"},
    {file = "numpy-1.25.2-cp39-cp39-manylinux_2_17_x86_64.manylinux2014_x86_64.whl", hash = "sha256:d7806500e4f5bdd04095e849265e55de20d8cc4b661b038957354327f6d9b295"},
    {file = "numpy-1.25.2-cp39-cp39-musllinux_1_1_x86_64.whl", hash = "sha256:8b77775f4b7df768967a7c8b3567e309f617dd5e99aeb886fa14dc1a0791141f"},
    {file = "numpy-1.25.2-cp39-cp39-win32.whl", hash = "sha256:2792d23d62ec51e50ce4d4b7d73de8f67a2fd3ea710dcbc8563a51a03fb07b01"},
    {file = "numpy-1.25.2-cp39-cp39-win_amd64.whl", hash = "sha256:76b4115d42a7dfc5d485d358728cdd8719be33cc5ec6ec08632a5d6fca2ed380"},
    {file = "numpy-1.25.2-pp39-pypy39_pp73-macosx_10_9_x86_64.whl", hash = "sha256:1a1329e26f46230bf77b02cc19e900db9b52f398d6722ca853349a782d4cff55"},
    {file = "numpy-1.25.2-pp39-pypy39_pp73-manylinux_2_17_x86_64.manylinux2014_x86_64.whl", hash = "sha256:4c3abc71e8b6edba80a01a52e66d83c5d14433cbcd26a40c329ec7ed09f37901"},
    {file = "numpy-1.25.2-pp39-pypy39_pp73-win_amd64.whl", hash = "sha256:1b9735c27cea5d995496f46a8b1cd7b408b3f34b6d50459d9ac8fe3a20cc17bf"},
    {file = "numpy-1.25.2.tar.gz", hash = "sha256:fd608e19c8d7c55021dffd43bfe5492fab8cc105cc8986f813f8c3c048b38760"},
]

[[package]]
name = "pandas"
version = "2.0.3"
description = "Powerful data structures for data analysis, time series, and statistics"
optional = false
python-versions = ">=3.8"
files = [
    {file = "pandas-2.0.3-cp310-cp310-macosx_10_9_x86_64.whl", hash = "sha256:e4c7c9f27a4185304c7caf96dc7d91bc60bc162221152de697c98eb0b2648dd8"},
    {file = "pandas-2.0.3-cp310-cp310-macosx_11_0_arm64.whl", hash = "sha256:f167beed68918d62bffb6ec64f2e1d8a7d297a038f86d4aed056b9493fca407f"},
    {file = "pandas-2.0.3-cp310-cp310-manylinux_2_17_aarch64.manylinux2014_aarch64.whl", hash = "sha256:ce0c6f76a0f1ba361551f3e6dceaff06bde7514a374aa43e33b588ec10420183"},
    {file = "pandas-2.0.3-cp310-cp310-manylinux_2_17_x86_64.manylinux2014_x86_64.whl", hash = "sha256:ba619e410a21d8c387a1ea6e8a0e49bb42216474436245718d7f2e88a2f8d7c0"},
    {file = "pandas-2.0.3-cp310-cp310-win32.whl", hash = "sha256:3ef285093b4fe5058eefd756100a367f27029913760773c8bf1d2d8bebe5d210"},
    {file = "pandas-2.0.3-cp310-cp310-win_amd64.whl", hash = "sha256:9ee1a69328d5c36c98d8e74db06f4ad518a1840e8ccb94a4ba86920986bb617e"},
    {file = "pandas-2.0.3-cp311-cp311-macosx_10_9_x86_64.whl", hash = "sha256:b084b91d8d66ab19f5bb3256cbd5ea661848338301940e17f4492b2ce0801fe8"},
    {file = "pandas-2.0.3-cp311-cp311-macosx_11_0_arm64.whl", hash = "sha256:37673e3bdf1551b95bf5d4ce372b37770f9529743d2498032439371fc7b7eb26"},
    {file = "pandas-2.0.3-cp311-cp311-manylinux_2_17_aarch64.manylinux2014_aarch64.whl", hash = "sha256:b9cb1e14fdb546396b7e1b923ffaeeac24e4cedd14266c3497216dd4448e4f2d"},
    {file = "pandas-2.0.3-cp311-cp311-manylinux_2_17_x86_64.manylinux2014_x86_64.whl", hash = "sha256:d9cd88488cceb7635aebb84809d087468eb33551097d600c6dad13602029c2df"},
    {file = "pandas-2.0.3-cp311-cp311-win32.whl", hash = "sha256:694888a81198786f0e164ee3a581df7d505024fbb1f15202fc7db88a71d84ebd"},
    {file = "pandas-2.0.3-cp311-cp311-win_amd64.whl", hash = "sha256:6a21ab5c89dcbd57f78d0ae16630b090eec626360085a4148693def5452d8a6b"},
    {file = "pandas-2.0.3-cp38-cp38-macosx_10_9_x86_64.whl", hash = "sha256:9e4da0d45e7f34c069fe4d522359df7d23badf83abc1d1cef398895822d11061"},
    {file = "pandas-2.0.3-cp38-cp38-macosx_11_0_arm64.whl", hash = "sha256:32fca2ee1b0d93dd71d979726b12b61faa06aeb93cf77468776287f41ff8fdc5"},
    {file = "pandas-2.0.3-cp38-cp38-manylinux_2_17_aarch64.manylinux2014_aarch64.whl", hash = "sha256:258d3624b3ae734490e4d63c430256e716f488c4fcb7c8e9bde2d3aa46c29089"},
    {file = "pandas-2.0.3-cp38-cp38-manylinux_2_17_x86_64.manylinux2014_x86_64.whl", hash = "sha256:9eae3dc34fa1aa7772dd3fc60270d13ced7346fcbcfee017d3132ec625e23bb0"},
    {file = "pandas-2.0.3-cp38-cp38-win32.whl", hash = "sha256:f3421a7afb1a43f7e38e82e844e2bca9a6d793d66c1a7f9f0ff39a795bbc5e02"},
    {file = "pandas-2.0.3-cp38-cp38-win_amd64.whl", hash = "sha256:69d7f3884c95da3a31ef82b7618af5710dba95bb885ffab339aad925c3e8ce78"},
    {file = "pandas-2.0.3-cp39-cp39-macosx_10_9_x86_64.whl", hash = "sha256:5247fb1ba347c1261cbbf0fcfba4a3121fbb4029d95d9ef4dc45406620b25c8b"},
    {file = "pandas-2.0.3-cp39-cp39-macosx_11_0_arm64.whl", hash = "sha256:81af086f4543c9d8bb128328b5d32e9986e0c84d3ee673a2ac6fb57fd14f755e"},
    {file = "pandas-2.0.3-cp39-cp39-manylinux_2_17_aarch64.manylinux2014_aarch64.whl", hash = "sha256:1994c789bf12a7c5098277fb43836ce090f1073858c10f9220998ac74f37c69b"},
    {file = "pandas-2.0.3-cp39-cp39-manylinux_2_17_x86_64.manylinux2014_x86_64.whl", hash = "sha256:5ec591c48e29226bcbb316e0c1e9423622bc7a4eaf1ef7c3c9fa1a3981f89641"},
    {file = "pandas-2.0.3-cp39-cp39-win32.whl", hash = "sha256:04dbdbaf2e4d46ca8da896e1805bc04eb85caa9a82e259e8eed00254d5e0c682"},
    {file = "pandas-2.0.3-cp39-cp39-win_amd64.whl", hash = "sha256:1168574b036cd8b93abc746171c9b4f1b83467438a5e45909fed645cf8692dbc"},
    {file = "pandas-2.0.3.tar.gz", hash = "sha256:c02f372a88e0d17f36d3093a644c73cfc1788e876a7c4bcb4020a77512e2043c"},
]

[package.dependencies]
numpy = [
    {version = ">=1.21.0", markers = "python_version >= \"3.10\""},
    {version = ">=1.23.2", markers = "python_version >= \"3.11\""},
]
python-dateutil = ">=2.8.2"
pytz = ">=2020.1"
tzdata = ">=2022.1"

[package.extras]
all = ["PyQt5 (>=5.15.1)", "SQLAlchemy (>=1.4.16)", "beautifulsoup4 (>=4.9.3)", "bottleneck (>=1.3.2)", "brotlipy (>=0.7.0)", "fastparquet (>=0.6.3)", "fsspec (>=2021.07.0)", "gcsfs (>=2021.07.0)", "html5lib (>=1.1)", "hypothesis (>=6.34.2)", "jinja2 (>=3.0.0)", "lxml (>=4.6.3)", "matplotlib (>=3.6.1)", "numba (>=0.53.1)", "numexpr (>=2.7.3)", "odfpy (>=1.4.1)", "openpyxl (>=3.0.7)", "pandas-gbq (>=0.15.0)", "psycopg2 (>=2.8.6)", "pyarrow (>=7.0.0)", "pymysql (>=1.0.2)", "pyreadstat (>=1.1.2)", "pytest (>=7.3.2)", "pytest-asyncio (>=0.17.0)", "pytest-xdist (>=2.2.0)", "python-snappy (>=0.6.0)", "pyxlsb (>=1.0.8)", "qtpy (>=2.2.0)", "s3fs (>=2021.08.0)", "scipy (>=1.7.1)", "tables (>=3.6.1)", "tabulate (>=0.8.9)", "xarray (>=0.21.0)", "xlrd (>=2.0.1)", "xlsxwriter (>=1.4.3)", "zstandard (>=0.15.2)"]
aws = ["s3fs (>=2021.08.0)"]
clipboard = ["PyQt5 (>=5.15.1)", "qtpy (>=2.2.0)"]
compression = ["brotlipy (>=0.7.0)", "python-snappy (>=0.6.0)", "zstandard (>=0.15.2)"]
computation = ["scipy (>=1.7.1)", "xarray (>=0.21.0)"]
excel = ["odfpy (>=1.4.1)", "openpyxl (>=3.0.7)", "pyxlsb (>=1.0.8)", "xlrd (>=2.0.1)", "xlsxwriter (>=1.4.3)"]
feather = ["pyarrow (>=7.0.0)"]
fss = ["fsspec (>=2021.07.0)"]
gcp = ["gcsfs (>=2021.07.0)", "pandas-gbq (>=0.15.0)"]
hdf5 = ["tables (>=3.6.1)"]
html = ["beautifulsoup4 (>=4.9.3)", "html5lib (>=1.1)", "lxml (>=4.6.3)"]
mysql = ["SQLAlchemy (>=1.4.16)", "pymysql (>=1.0.2)"]
output-formatting = ["jinja2 (>=3.0.0)", "tabulate (>=0.8.9)"]
parquet = ["pyarrow (>=7.0.0)"]
performance = ["bottleneck (>=1.3.2)", "numba (>=0.53.1)", "numexpr (>=2.7.1)"]
plot = ["matplotlib (>=3.6.1)"]
postgresql = ["SQLAlchemy (>=1.4.16)", "psycopg2 (>=2.8.6)"]
spss = ["pyreadstat (>=1.1.2)"]
sql-other = ["SQLAlchemy (>=1.4.16)"]
test = ["hypothesis (>=6.34.2)", "pytest (>=7.3.2)", "pytest-asyncio (>=0.17.0)", "pytest-xdist (>=2.2.0)"]
xml = ["lxml (>=4.6.3)"]

[[package]]
name = "protobuf"
version = "4.24.1"
description = ""
optional = false
python-versions = ">=3.7"
files = [
    {file = "protobuf-4.24.1-cp310-abi3-win32.whl", hash = "sha256:d414199ca605eeb498adc4d2ba82aedc0379dca4a7c364ff9bc9a179aa28e71b"},
    {file = "protobuf-4.24.1-cp310-abi3-win_amd64.whl", hash = "sha256:5906c5e79ff50fe38b2d49d37db5874e3c8010826f2362f79996d83128a8ed9b"},
    {file = "protobuf-4.24.1-cp37-abi3-macosx_10_9_universal2.whl", hash = "sha256:970c701ee16788d74f3de20938520d7a0aebc7e4fff37096a48804c80d2908cf"},
    {file = "protobuf-4.24.1-cp37-abi3-manylinux2014_aarch64.whl", hash = "sha256:fc361148e902949dcb953bbcb148c99fe8f8854291ad01107e4120361849fd0e"},
    {file = "protobuf-4.24.1-cp37-abi3-manylinux2014_x86_64.whl", hash = "sha256:5d32363d14aca6e5c9e9d5918ad8fb65b091b6df66740ae9de50ac3916055e43"},
    {file = "protobuf-4.24.1-cp37-cp37m-win32.whl", hash = "sha256:df015c47d6855b8efa0b9be706c70bf7f050a4d5ac6d37fb043fbd95157a0e25"},
    {file = "protobuf-4.24.1-cp37-cp37m-win_amd64.whl", hash = "sha256:d4af4fd9e9418e819be30f8df2a16e72fbad546a7576ac7f3653be92a6966d30"},
    {file = "protobuf-4.24.1-cp38-cp38-win32.whl", hash = "sha256:302e8752c760549ed4c7a508abc86b25d46553c81989343782809e1a062a2ef9"},
    {file = "protobuf-4.24.1-cp38-cp38-win_amd64.whl", hash = "sha256:06437f0d4bb0d5f29e3d392aba69600188d4be5ad1e0a3370e581a9bf75a3081"},
    {file = "protobuf-4.24.1-cp39-cp39-win32.whl", hash = "sha256:0b2b224e9541fe9f046dd7317d05f08769c332b7e4c54d93c7f0f372dedb0b1a"},
    {file = "protobuf-4.24.1-cp39-cp39-win_amd64.whl", hash = "sha256:bd39b9094a4cc003a1f911b847ab379f89059f478c0b611ba1215053e295132e"},
    {file = "protobuf-4.24.1-py3-none-any.whl", hash = "sha256:55dd644adc27d2a624339332755fe077c7f26971045b469ebb9732a69ce1f2ca"},
    {file = "protobuf-4.24.1.tar.gz", hash = "sha256:44837a5ed9c9418ad5d502f89f28ba102e9cd172b6668bc813f21716f9273348"},
]

[[package]]
name = "py4j"
version = "0.10.9.7"
description = "Enables Python programs to dynamically access arbitrary Java objects"
optional = false
python-versions = "*"
files = [
    {file = "py4j-0.10.9.7-py2.py3-none-any.whl", hash = "sha256:85defdfd2b2376eb3abf5ca6474b51ab7e0de341c75a02f46dc9b5976f5a5c1b"},
    {file = "py4j-0.10.9.7.tar.gz", hash = "sha256:0b6e5315bb3ada5cf62ac651d107bb2ebc02def3dee9d9548e3baac644ea8dbb"},
]

[[package]]
name = "pyarrow"
version = "13.0.0"
description = "Python library for Apache Arrow"
optional = false
python-versions = ">=3.8"
files = [
    {file = "pyarrow-13.0.0-cp310-cp310-macosx_10_14_x86_64.whl", hash = "sha256:1afcc2c33f31f6fb25c92d50a86b7a9f076d38acbcb6f9e74349636109550148"},
    {file = "pyarrow-13.0.0-cp310-cp310-macosx_11_0_arm64.whl", hash = "sha256:70fa38cdc66b2fc1349a082987f2b499d51d072faaa6b600f71931150de2e0e3"},
    {file = "pyarrow-13.0.0-cp310-cp310-manylinux_2_17_aarch64.manylinux2014_aarch64.whl", hash = "sha256:cd57b13a6466822498238877892a9b287b0a58c2e81e4bdb0b596dbb151cbb73"},
    {file = "pyarrow-13.0.0-cp310-cp310-manylinux_2_17_x86_64.manylinux2014_x86_64.whl", hash = "sha256:f8ce69f7bf01de2e2764e14df45b8404fc6f1a5ed9871e8e08a12169f87b7a26"},
    {file = "pyarrow-13.0.0-cp310-cp310-manylinux_2_28_aarch64.whl", hash = "sha256:588f0d2da6cf1b1680974d63be09a6530fd1bd825dc87f76e162404779a157dc"},
    {file = "pyarrow-13.0.0-cp310-cp310-manylinux_2_28_x86_64.whl", hash = "sha256:6241afd72b628787b4abea39e238e3ff9f34165273fad306c7acf780dd850956"},
    {file = "pyarrow-13.0.0-cp310-cp310-win_amd64.whl", hash = "sha256:fda7857e35993673fcda603c07d43889fca60a5b254052a462653f8656c64f44"},
    {file = "pyarrow-13.0.0-cp311-cp311-macosx_10_14_x86_64.whl", hash = "sha256:aac0ae0146a9bfa5e12d87dda89d9ef7c57a96210b899459fc2f785303dcbb67"},
    {file = "pyarrow-13.0.0-cp311-cp311-macosx_11_0_arm64.whl", hash = "sha256:d7759994217c86c161c6a8060509cfdf782b952163569606bb373828afdd82e8"},
    {file = "pyarrow-13.0.0-cp311-cp311-manylinux_2_17_aarch64.manylinux2014_aarch64.whl", hash = "sha256:868a073fd0ff6468ae7d869b5fc1f54de5c4255b37f44fb890385eb68b68f95d"},
    {file = "pyarrow-13.0.0-cp311-cp311-manylinux_2_17_x86_64.manylinux2014_x86_64.whl", hash = "sha256:51be67e29f3cfcde263a113c28e96aa04362ed8229cb7c6e5f5c719003659d33"},
    {file = "pyarrow-13.0.0-cp311-cp311-manylinux_2_28_aarch64.whl", hash = "sha256:d1b4e7176443d12610874bb84d0060bf080f000ea9ed7c84b2801df851320295"},
    {file = "pyarrow-13.0.0-cp311-cp311-manylinux_2_28_x86_64.whl", hash = "sha256:69b6f9a089d116a82c3ed819eea8fe67dae6105f0d81eaf0fdd5e60d0c6e0944"},
    {file = "pyarrow-13.0.0-cp311-cp311-win_amd64.whl", hash = "sha256:ab1268db81aeb241200e321e220e7cd769762f386f92f61b898352dd27e402ce"},
    {file = "pyarrow-13.0.0-cp38-cp38-macosx_10_14_x86_64.whl", hash = "sha256:ee7490f0f3f16a6c38f8c680949551053c8194e68de5046e6c288e396dccee80"},
    {file = "pyarrow-13.0.0-cp38-cp38-macosx_11_0_arm64.whl", hash = "sha256:e3ad79455c197a36eefbd90ad4aa832bece7f830a64396c15c61a0985e337287"},
    {file = "pyarrow-13.0.0-cp38-cp38-manylinux_2_17_aarch64.manylinux2014_aarch64.whl", hash = "sha256:68fcd2dc1b7d9310b29a15949cdd0cb9bc34b6de767aff979ebf546020bf0ba0"},
    {file = "pyarrow-13.0.0-cp38-cp38-manylinux_2_17_x86_64.manylinux2014_x86_64.whl", hash = "sha256:dc6fd330fd574c51d10638e63c0d00ab456498fc804c9d01f2a61b9264f2c5b2"},
    {file = "pyarrow-13.0.0-cp38-cp38-manylinux_2_28_aarch64.whl", hash = "sha256:e66442e084979a97bb66939e18f7b8709e4ac5f887e636aba29486ffbf373763"},
    {file = "pyarrow-13.0.0-cp38-cp38-manylinux_2_28_x86_64.whl", hash = "sha256:0f6eff839a9e40e9c5610d3ff8c5bdd2f10303408312caf4c8003285d0b49565"},
    {file = "pyarrow-13.0.0-cp38-cp38-win_amd64.whl", hash = "sha256:8b30a27f1cddf5c6efcb67e598d7823a1e253d743d92ac32ec1eb4b6a1417867"},
    {file = "pyarrow-13.0.0-cp39-cp39-macosx_10_14_x86_64.whl", hash = "sha256:09552dad5cf3de2dc0aba1c7c4b470754c69bd821f5faafc3d774bedc3b04bb7"},
    {file = "pyarrow-13.0.0-cp39-cp39-macosx_11_0_arm64.whl", hash = "sha256:3896ae6c205d73ad192d2fc1489cd0edfab9f12867c85b4c277af4d37383c18c"},
    {file = "pyarrow-13.0.0-cp39-cp39-manylinux_2_17_aarch64.manylinux2014_aarch64.whl", hash = "sha256:6647444b21cb5e68b593b970b2a9a07748dd74ea457c7dadaa15fd469c48ada1"},
    {file = "pyarrow-13.0.0-cp39-cp39-manylinux_2_17_x86_64.manylinux2014_x86_64.whl", hash = "sha256:47663efc9c395e31d09c6aacfa860f4473815ad6804311c5433f7085415d62a7"},
    {file = "pyarrow-13.0.0-cp39-cp39-manylinux_2_28_aarch64.whl", hash = "sha256:b9ba6b6d34bd2563345488cf444510588ea42ad5613df3b3509f48eb80250afd"},
    {file = "pyarrow-13.0.0-cp39-cp39-manylinux_2_28_x86_64.whl", hash = "sha256:d00d374a5625beeb448a7fa23060df79adb596074beb3ddc1838adb647b6ef09"},
    {file = "pyarrow-13.0.0-cp39-cp39-win_amd64.whl", hash = "sha256:c51afd87c35c8331b56f796eff954b9c7f8d4b7fef5903daf4e05fcf017d23a8"},
    {file = "pyarrow-13.0.0.tar.gz", hash = "sha256:83333726e83ed44b0ac94d8d7a21bbdee4a05029c3b1e8db58a863eec8fd8a33"},
]

[package.dependencies]
numpy = ">=1.16.6"

[[package]]
name = "pyspark"
version = "3.4.1"
description = "Apache Spark Python API"
optional = false
python-versions = ">=3.7"
files = [
    {file = "pyspark-3.4.1.tar.gz", hash = "sha256:72cd66ab8cf61a75854e5a753f75bea35ee075c3a96f9de4e2a66d02ec7fc652"},
]

[package.dependencies]
googleapis-common-protos = {version = ">=1.56.4", optional = true, markers = "extra == \"connect\""}
grpcio = {version = ">=1.48.1", optional = true, markers = "extra == \"connect\""}
grpcio-status = {version = ">=1.48.1", optional = true, markers = "extra == \"connect\""}
numpy = {version = ">=1.15", optional = true, markers = "extra == \"connect\" or extra == \"sql\""}
pandas = {version = ">=1.0.5", optional = true, markers = "extra == \"connect\" or extra == \"sql\""}
py4j = "0.10.9.7"
pyarrow = {version = ">=1.0.0", optional = true, markers = "extra == \"connect\" or extra == \"sql\""}

[package.extras]
connect = ["googleapis-common-protos (>=1.56.4)", "grpcio (>=1.48.1)", "grpcio-status (>=1.48.1)", "numpy (>=1.15)", "pandas (>=1.0.5)", "pyarrow (>=1.0.0)"]
ml = ["numpy (>=1.15)"]
mllib = ["numpy (>=1.15)"]
pandas-on-spark = ["numpy (>=1.15)", "pandas (>=1.0.5)", "pyarrow (>=1.0.0)"]
sql = ["numpy (>=1.15)", "pandas (>=1.0.5)", "pyarrow (>=1.0.0)"]

[[package]]
name = "python-dateutil"
version = "2.8.2"
description = "Extensions to the standard Python datetime module"
optional = false
python-versions = "!=3.0.*,!=3.1.*,!=3.2.*,>=2.7"
files = [
    {file = "python-dateutil-2.8.2.tar.gz", hash = "sha256:0123cacc1627ae19ddf3c27a5de5bd67ee4586fbdd6440d9748f8abb483d3e86"},
    {file = "python_dateutil-2.8.2-py2.py3-none-any.whl", hash = "sha256:961d03dc3453ebbc59dbdea9e4e11c5651520a876d0f4db161e8674aae935da9"},
]

[package.dependencies]
six = ">=1.5"

[[package]]
name = "pytz"
version = "2023.3"
description = "World timezone definitions, modern and historical"
optional = false
python-versions = "*"
files = [
    {file = "pytz-2023.3-py2.py3-none-any.whl", hash = "sha256:a151b3abb88eda1d4e34a9814df37de2a80e301e68ba0fd856fb9b46bfbbbffb"},
    {file = "pytz-2023.3.tar.gz", hash = "sha256:1d8ce29db189191fb55338ee6d0387d82ab59f3d00eac103412d64e0ebd0c588"},
]

[[package]]
name = "six"
version = "1.16.0"
description = "Python 2 and 3 compatibility utilities"
optional = false
python-versions = ">=2.7, !=3.0.*, !=3.1.*, !=3.2.*"
files = [
    {file = "six-1.16.0-py2.py3-none-any.whl", hash = "sha256:8abb2f1d86890a2dfb989f9a77cfcfd3e47c2a354b01111771326f8aa26e0254"},
    {file = "six-1.16.0.tar.gz", hash = "sha256:1e61c37477a1626458e36f7b1d82aa5c9b094fa4802892072e49de9c60c4c926"},
]

[[package]]
name = "tzdata"
version = "2023.3"
description = "Provider of IANA time zone data"
optional = false
python-versions = ">=2"
files = [
    {file = "tzdata-2023.3-py2.py3-none-any.whl", hash = "sha256:7e65763eef3120314099b6939b5546db7adce1e7d6f2e179e3df563c70511eda"},
    {file = "tzdata-2023.3.tar.gz", hash = "sha256:11ef1e08e54acb0d4f95bdb1be05da659673de4acbd21bf9c69e94cc5e907a3a"},
]

[metadata]
lock-version = "2.0"
python-versions = "^3.11"
content-hash = "419289b35beab928ed8e691e696517bd8b1c093630d90d8d8568c6b9ba1b9f2b"
